
Microsoft Visual Studio Solution File, Format Version 12.00
# Visual Studio Version 16
VisualStudioVersion = 16.0.31702.278
MinimumVisualStudioVersion = 10.0.40219.1
Project("{9A19103F-16F7-4668-BE54-9A1E7A4F7556}") = "Task 1 Calculator", "Task 1 Calculator\Task 1 Calculator.csproj", "{33444B75-7BDB-46AA-B551-17DDA6266B9B}"
EndProject
Project("{FAE04EC0-301F-11D3-BF4B-00C04F79EFBC}") = "Task2", "Task2\Task2.csproj", "{E79117D1-74D4-451C-8A50-35D3033DEC1D}"
EndProject
Global
	GlobalSection(SolutionConfigurationPlatforms) = preSolution
		Debug|Any CPU = Debug|Any CPU
		Release|Any CPU = Release|Any CPU
	EndGlobalSection
	GlobalSection(ProjectConfigurationPlatforms) = postSolution
		{33444B75-7BDB-46AA-B551-17DDA6266B9B}.Debug|Any CPU.ActiveCfg = Debug|Any CPU
		{33444B75-7BDB-46AA-B551-17DDA6266B9B}.Debug|Any CPU.Build.0 = Debug|Any CPU
		{33444B75-7BDB-46AA-B551-17DDA6266B9B}.Release|Any CPU.ActiveCfg = Release|Any CPU
		{33444B75-7BDB-46AA-B551-17DDA6266B9B}.Release|Any CPU.Build.0 = Release|Any CPU
		{E79117D1-74D4-451C-8A50-35D3033DEC1D}.Debug|Any CPU.ActiveCfg = Debug|Any CPU
		{E79117D1-74D4-451C-8A50-35D3033DEC1D}.Debug|Any CPU.Build.0 = Debug|Any CPU
		{E79117D1-74D4-451C-8A50-35D3033DEC1D}.Release|Any CPU.ActiveCfg = Release|Any CPU
		{E79117D1-74D4-451C-8A50-35D3033DEC1D}.Release|Any CPU.Build.0 = Release|Any CPU
	EndGlobalSection
	GlobalSection(SolutionProperties) = preSolution
		HideSolutionNode = FALSE
	EndGlobalSection
	GlobalSection(ExtensibilityGlobals) = postSolution
		SolutionGuid = {F23766BF-E68D-4499-A27A-FEF9CB435830}
	EndGlobalSection
EndGlobal
